
Microsoft Visual Studio Solution File, Format Version 12.00
# Visual Studio 15
VisualStudioVersion = 15.0.27428.2015
MinimumVisualStudioVersion = 10.0.40219.1
Project("{FAE04EC0-301F-11D3-BF4B-00C04F79EFBC}") = "PersonaAPI", "PersonaAPI\PersonaAPI.csproj", "{35E075FD-D49A-4812-9F3F-C6B4DED8A258}"
EndProject
Global
	GlobalSection(SolutionConfigurationPlatforms) = preSolution
		Debug|Any CPU = Debug|Any CPU
		Release|Any CPU = Release|Any CPU
	EndGlobalSection
	GlobalSection(ProjectConfigurationPlatforms) = postSolution
		{35E075FD-D49A-4812-9F3F-C6B4DED8A258}.Debug|Any CPU.ActiveCfg = Debug|Any CPU
		{35E075FD-D49A-4812-9F3F-C6B4DED8A258}.Debug|Any CPU.Build.0 = Debug|Any CPU
		{35E075FD-D49A-4812-9F3F-C6B4DED8A258}.Release|Any CPU.ActiveCfg = Release|Any CPU
		{35E075FD-D49A-4812-9F3F-C6B4DED8A258}.Release|Any CPU.Build.0 = Release|Any CPU
	EndGlobalSection
	GlobalSection(SolutionProperties) = preSolution
		HideSolutionNode = FALSE
	EndGlobalSection
	GlobalSection(ExtensibilityGlobals) = postSolution
		SolutionGuid = {453312EA-C76F-4C42-AC45-1BF3AF5A1903}
	EndGlobalSection
EndGlobal
